
Microsoft Visual Studio Solution File, Format Version 12.00
# Visual Studio Version 17
VisualStudioVersion = 17.5.33516.290
MinimumVisualStudioVersion = 10.0.40219.1
Project("{FAE04EC0-301F-11D3-BF4B-00C04F79EFBC}") = "Battleship API", "Battleship API\Battleship API.csproj", "{106DEB23-753C-4651-BC33-F6C446DE6967}"
EndProject
Global
	GlobalSection(SolutionConfigurationPlatforms) = preSolution
		Debug|Any CPU = Debug|Any CPU
		Release|Any CPU = Release|Any CPU
	EndGlobalSection
	GlobalSection(ProjectConfigurationPlatforms) = postSolution
		{106DEB23-753C-4651-BC33-F6C446DE6967}.Debug|Any CPU.ActiveCfg = Debug|Any CPU
		{106DEB23-753C-4651-BC33-F6C446DE6967}.Debug|Any CPU.Build.0 = Debug|Any CPU
		{106DEB23-753C-4651-BC33-F6C446DE6967}.Release|Any CPU.ActiveCfg = Release|Any CPU
		{106DEB23-753C-4651-BC33-F6C446DE6967}.Release|Any CPU.Build.0 = Release|Any CPU
	EndGlobalSection
	GlobalSection(SolutionProperties) = preSolution
		HideSolutionNode = FALSE
	EndGlobalSection
	GlobalSection(ExtensibilityGlobals) = postSolution
		SolutionGuid = {E52EC06F-B683-4CE6-A2E7-49A64D814331}
	EndGlobalSection
EndGlobal
