
Microsoft Visual Studio Solution File, Format Version 12.00
# Visual Studio Version 17
VisualStudioVersion = 17.6.33829.357
MinimumVisualStudioVersion = 10.0.40219.1
Project("{FAE04EC0-301F-11D3-BF4B-00C04F79EFBC}") = "WebsocketServer", "WebsocketServer\WebsocketServer.csproj", "{B7684DE7-2D5D-4F74-A717-11637A77AD6A}"
EndProject
Global
	GlobalSection(SolutionConfigurationPlatforms) = preSolution
		Debug|Any CPU = Debug|Any CPU
		Release|Any CPU = Release|Any CPU
	EndGlobalSection
	GlobalSection(ProjectConfigurationPlatforms) = postSolution
		{B7684DE7-2D5D-4F74-A717-11637A77AD6A}.Debug|Any CPU.ActiveCfg = Debug|Any CPU
		{B7684DE7-2D5D-4F74-A717-11637A77AD6A}.Debug|Any CPU.Build.0 = Debug|Any CPU
		{B7684DE7-2D5D-4F74-A717-11637A77AD6A}.Release|Any CPU.ActiveCfg = Release|Any CPU
		{B7684DE7-2D5D-4F74-A717-11637A77AD6A}.Release|Any CPU.Build.0 = Release|Any CPU
	EndGlobalSection
	GlobalSection(SolutionProperties) = preSolution
		HideSolutionNode = FALSE
	EndGlobalSection
	GlobalSection(ExtensibilityGlobals) = postSolution
		SolutionGuid = {30BC471A-8AD0-445F-A1D3-7599935F38C9}
	EndGlobalSection
EndGlobal
