
Microsoft Visual Studio Solution File, Format Version 12.00
# Visual Studio Version 17
VisualStudioVersion = 17.5.33516.290
MinimumVisualStudioVersion = 10.0.40219.1
Project("{FAE04EC0-301F-11D3-BF4B-00C04F79EFBC}") = "MotionController API", "MotionController API\MotionController API.csproj", "{E826AF10-C371-4E6D-918E-1F76FBC636A7}"
EndProject
Global
	GlobalSection(SolutionConfigurationPlatforms) = preSolution
		Debug|Any CPU = Debug|Any CPU
		Release|Any CPU = Release|Any CPU
	EndGlobalSection
	GlobalSection(ProjectConfigurationPlatforms) = postSolution
		{E826AF10-C371-4E6D-918E-1F76FBC636A7}.Debug|Any CPU.ActiveCfg = Debug|Any CPU
		{E826AF10-C371-4E6D-918E-1F76FBC636A7}.Debug|Any CPU.Build.0 = Debug|Any CPU
		{E826AF10-C371-4E6D-918E-1F76FBC636A7}.Release|Any CPU.ActiveCfg = Release|Any CPU
		{E826AF10-C371-4E6D-918E-1F76FBC636A7}.Release|Any CPU.Build.0 = Release|Any CPU
	EndGlobalSection
	GlobalSection(SolutionProperties) = preSolution
		HideSolutionNode = FALSE
	EndGlobalSection
	GlobalSection(ExtensibilityGlobals) = postSolution
		SolutionGuid = {FCBEF87A-70A9-4800-9484-482CBA88BD59}
	EndGlobalSection
EndGlobal
